{
  "_comment": "Copyright (c) 2026, NVIDIA CORPORATION. All rights reserved. Synthetic scan input only; do not install or execute.",
  "name": "blossom-pass2-policy-fixture",
  "version": "1.0.0",
  "lockfileVersion": 3,
  "requires": true,
  "packages": {
    "": {
      "name": "blossom-pass2-policy-fixture",
      "version": "1.0.0",
      "dependencies": {
        "minimist": "0.0.8"
      }
    },
    "node_modules/minimist": {
      "version": "0.0.8",
      "resolved": "https://registry.npmjs.org/minimist/-/minimist-0.0.8.tgz",
      "integrity": "sha512-miQKw5Hv4NS1Psg2517mV4e4dYNaO3++hjAvLOAzKqZ61rH8NS1SK+vbfBWZ5PY/Me/bEWhUwqMghEW5Fb9T7Q=="
    }
  }
}
